
Microsoft Visual Studio Solution File, Format Version 12.00
# Visual Studio Version 16
VisualStudioVersion = 16.0.31702.278
MinimumVisualStudioVersion = 10.0.40219.1
Project("{9A19103F-16F7-4668-BE54-9A1E7A4F7556}") = "ApiJogos", "ApiJogos\ApiJogos.csproj", "{4CDFED1F-0BD6-4C59-A1F4-209F92A35688}"
EndProject
Project("{2150E333-8FDC-42A3-9474-1A3956D46DE8}") = "Solution Items", "Solution Items", "{8D4BF0CB-EC6C-4867-94FE-5B97E4EC0B15}"
	ProjectSection(SolutionItems) = preProject
		.editorconfig = .editorconfig
	EndProjectSection
EndProject
Global
	GlobalSection(SolutionConfigurationPlatforms) = preSolution
		Debug|Any CPU = Debug|Any CPU
		Release|Any CPU = Release|Any CPU
	EndGlobalSection
	GlobalSection(ProjectConfigurationPlatforms) = postSolution
		{4CDFED1F-0BD6-4C59-A1F4-209F92A35688}.Debug|Any CPU.ActiveCfg = Debug|Any CPU
		{4CDFED1F-0BD6-4C59-A1F4-209F92A35688}.Debug|Any CPU.Build.0 = Debug|Any CPU
		{4CDFED1F-0BD6-4C59-A1F4-209F92A35688}.Release|Any CPU.ActiveCfg = Release|Any CPU
		{4CDFED1F-0BD6-4C59-A1F4-209F92A35688}.Release|Any CPU.Build.0 = Release|Any CPU
	EndGlobalSection
	GlobalSection(SolutionProperties) = preSolution
		HideSolutionNode = FALSE
	EndGlobalSection
	GlobalSection(ExtensibilityGlobals) = postSolution
		SolutionGuid = {A73410D2-D03A-436B-8881-2290AACDFF75}
	EndGlobalSection
EndGlobal
